# This file is automatically @generated by Cargo.
# It is not intended for manual editing.
# AAP-shaped fixture: a valid Cargo.lock with NO symforge package — detection
# succeeds (root + lock present) but the embed-pin comparison is PinUnknown
# (no false drift warning).
version = 4

[[package]]
name = "aap-code-intel"
version = "0.1.0"
dependencies = [
 "serde",
]

[[package]]
name = "serde"
version = "1.0.0"

[[package]]
name = "tokio"
version = "1.48.0"
