# This file is automatically @generated by Cargo.
# It is not intended for manual editing.
# AAP-shaped fixture: pins the symforge version this repo currently reports via
# env!("CARGO_PKG_VERSION") (kept in sync with Cargo.toml `version`). The
# `match` detection tests do NOT depend on this literal staying current — they
# synthesize a lock from the live env!("CARGO_PKG_VERSION") in a temp dir — so a
# release-please version bump cannot silently falsify the suite. This committed
# value documents the "matching pin" intent for the static-fixture read path.
version = 4

[[package]]
name = "aap-code-intel"
version = "0.1.0"
dependencies = [
 "symforge",
]

[[package]]
name = "symforge"
version = "7.30.0"

[[package]]
name = "serde"
version = "1.0.0"
