# This file is automatically @generated by Cargo.
# It is not intended for manual editing.
# AAP-shaped fixture for AAP-detection tests: a sibling repo whose lock pins
# symforge. The pinned version below is a FIXED example, NOT tracked against the
# crate version — detection/harness tests use this fixture only to detect a
# sibling AAP and read its embed-path dep; none compare this literal to the live
# crate version. The match-vs-drift logic is covered by synthesized-lock tests
# (live env!("CARGO_PKG_VERSION")) + fixed-input unit tests. So a release-please
# version bump does NOT need to touch this file.
version = 4

[[package]]
name = "aap-code-intel"
version = "0.1.0"
dependencies = [
 "symforge",
]

[[package]]
name = "symforge"
version = "7.30.0"

[[package]]
name = "serde"
version = "1.0.0"
