# This file is automatically @generated by Cargo.
# It is not intended for manual editing.
# AAP-shaped fixture: pins an OLD symforge version (drift vs the running crate).
version = 4

[[package]]
name = "aap-code-intel"
version = "0.1.0"
dependencies = [
 "symforge",
]

[[package]]
name = "symforge"
version = "7.0.0"

[[package]]
name = "serde"
version = "1.0.0"
